
Microsoft Visual Studio Solution File, Format Version 12.00
# Visual Studio 15
VisualStudioVersion = 15.0.28307.705
MinimumVisualStudioVersion = 10.0.40219.1
Project("{FAE04EC0-301F-11D3-BF4B-00C04F79EFBC}") = "PersonalBackend.Domain", "PersonalBackend.Domain\PersonalBackend.Domain.csproj", "{079AD548-8C5A-40AD-88BB-60F353A0F95F}"
EndProject
Project("{FAE04EC0-301F-11D3-BF4B-00C04F79EFBC}") = "PersonalBackend.ConsoleApp", "PersonalBackend.ConsoleApp\PersonalBackend.ConsoleApp.csproj", "{4B623D52-E04C-4A64-8085-F92E4AB1ED4D}"
EndProject
Project("{FAE04EC0-301F-11D3-BF4B-00C04F79EFBC}") = "PersonalBackend.Tests", "PersonalBackend.Tests\PersonalBackend.Tests.csproj", "{6CA02CA3-2275-443E-AA4E-D91208CA8926}"
EndProject
Global
	GlobalSection(SolutionConfigurationPlatforms) = preSolution
		Debug|Any CPU = Debug|Any CPU
		Release|Any CPU = Release|Any CPU
	EndGlobalSection
	GlobalSection(ProjectConfigurationPlatforms) = postSolution
		{079AD548-8C5A-40AD-88BB-60F353A0F95F}.Debug|Any CPU.ActiveCfg = Debug|Any CPU
		{079AD548-8C5A-40AD-88BB-60F353A0F95F}.Debug|Any CPU.Build.0 = Debug|Any CPU
		{079AD548-8C5A-40AD-88BB-60F353A0F95F}.Release|Any CPU.ActiveCfg = Release|Any CPU
		{079AD548-8C5A-40AD-88BB-60F353A0F95F}.Release|Any CPU.Build.0 = Release|Any CPU
		{4B623D52-E04C-4A64-8085-F92E4AB1ED4D}.Debug|Any CPU.ActiveCfg = Debug|Any CPU
		{4B623D52-E04C-4A64-8085-F92E4AB1ED4D}.Debug|Any CPU.Build.0 = Debug|Any CPU
		{4B623D52-E04C-4A64-8085-F92E4AB1ED4D}.Release|Any CPU.ActiveCfg = Release|Any CPU
		{4B623D52-E04C-4A64-8085-F92E4AB1ED4D}.Release|Any CPU.Build.0 = Release|Any CPU
		{6CA02CA3-2275-443E-AA4E-D91208CA8926}.Debug|Any CPU.ActiveCfg = Debug|Any CPU
		{6CA02CA3-2275-443E-AA4E-D91208CA8926}.Debug|Any CPU.Build.0 = Debug|Any CPU
		{6CA02CA3-2275-443E-AA4E-D91208CA8926}.Release|Any CPU.ActiveCfg = Release|Any CPU
		{6CA02CA3-2275-443E-AA4E-D91208CA8926}.Release|Any CPU.Build.0 = Release|Any CPU
	EndGlobalSection
	GlobalSection(SolutionProperties) = preSolution
		HideSolutionNode = FALSE
	EndGlobalSection
	GlobalSection(ExtensibilityGlobals) = postSolution
		SolutionGuid = {2D7F8C50-CF68-47B8-B9B5-9A986A8262F7}
	EndGlobalSection
EndGlobal
